// !$*UTF8*$!
{
	archiveVersion = 1;
	classes = {
	};
	objectVersion = 52;
	objects = {

/* Begin PBXBuildFile section */
		791DD540268654E9009DD868 /* AppDelegate.swift in Sources */ = {isa = PBXBuildFile; fileRef = 791DD53F268654E9009DD868 /* AppDelegate.swift */; };
		791DD542268654E9009DD868 /* SceneDelegate.swift in Sources */ = {isa = PBXBuildFile; fileRef = 791DD541268654E9009DD868 /* SceneDelegate.swift */; };
		791DD544268654E9009DD868 /* AddTaskViewController.swift in Sources */ = {isa = PBXBuildFile; fileRef = 791DD543268654E9009DD868 /* AddTaskViewController.swift */; };
		791DD547268654E9009DD868 /* Main.storyboard in Resources */ = {isa = PBXBuildFile; fileRef = 791DD545268654E9009DD868 /* Main.storyboard */; };
		791DD549268654EB009DD868 /* Assets.xcassets in Resources */ = {isa = PBXBuildFile; fileRef = 791DD548268654EB009DD868 /* Assets.xcassets */; };
		791DD54C268654EB009DD868 /* LaunchScreen.storyboard in Resources */ = {isa = PBXBuildFile; fileRef = 791DD54A268654EB009DD868 /* LaunchScreen.storyboard */; };
		79D990D92692F5710061555E /* AddTaskModel.swift in Sources */ = {isa = PBXBuildFile; fileRef = 79D990D82692F5710061555E /* AddTaskModel.swift */; };
		79D990DC2692FA490061555E /* Realm in Frameworks */ = {isa = PBXBuildFile; productRef = 79D990DB2692FA490061555E /* Realm */; };
		79D990DE2692FA490061555E /* RealmSwift in Frameworks */ = {isa = PBXBuildFile; productRef = 79D990DD2692FA490061555E /* RealmSwift */; };
		79D990E12692FA7D0061555E /* Bond in Frameworks */ = {isa = PBXBuildFile; productRef = 79D990E02692FA7D0061555E /* Bond */; };
		79D990E32692FADC0061555E /* DBRealmService.swift in Sources */ = {isa = PBXBuildFile; fileRef = 79D990E22692FADC0061555E /* DBRealmService.swift */; };
		79D990E5269372750061555E /* Enums.swift in Sources */ = {isa = PBXBuildFile; fileRef = 79D990E4269372750061555E /* Enums.swift */; };
		79D990E7269377190061555E /* TasksViewController.swift in Sources */ = {isa = PBXBuildFile; fileRef = 79D990E6269377190061555E /* TasksViewController.swift */; };
		79D990E9269377290061555E /* TasksModel.swift in Sources */ = {isa = PBXBuildFile; fileRef = 79D990E8269377290061555E /* TasksModel.swift */; };
		79D990EB2693773B0061555E /* TasksViewModel.swift in Sources */ = {isa = PBXBuildFile; fileRef = 79D990EA2693773B0061555E /* TasksViewModel.swift */; };
		79D990ED2693877D0061555E /* TasksTableViewCell.swift in Sources */ = {isa = PBXBuildFile; fileRef = 79D990EC2693877D0061555E /* TasksTableViewCell.swift */; };
/* End PBXBuildFile section */

/* Begin PBXFileReference section */
		791DD53C268654E9009DD868 /* HW2.4.app */ = {isa = PBXFileReference; explicitFileType = wrapper.application; includeInIndex = 0; path = HW2.4.app; sourceTree = BUILT_PRODUCTS_DIR; };
		791DD53F268654E9009DD868 /* AppDelegate.swift */ = {isa = PBXFileReference; lastKnownFileType = sourcecode.swift; path = AppDelegate.swift; sourceTree = "<group>"; };
		791DD541268654E9009DD868 /* SceneDelegate.swift */ = {isa = PBXFileReference; lastKnownFileType = sourcecode.swift; path = SceneDelegate.swift; sourceTree = "<group>"; };
		791DD543268654E9009DD868 /* AddTaskViewController.swift */ = {isa = PBXFileReference; lastKnownFileType = sourcecode.swift; path = AddTaskViewController.swift; sourceTree = "<group>"; };
		791DD546268654E9009DD868 /* Base */ = {isa = PBXFileReference; lastKnownFileType = file.storyboard; name = Base; path = Base.lproj/Main.storyboard; sourceTree = "<group>"; };
		791DD548268654EB009DD868 /* Assets.xcassets */ = {isa = PBXFileReference; lastKnownFileType = folder.assetcatalog; path = Assets.xcassets; sourceTree = "<group>"; };
		791DD54B268654EB009DD868 /* Base */ = {isa = PBXFileReference; lastKnownFileType = file.storyboard; name = Base; path = Base.lproj/LaunchScreen.storyboard; sourceTree = "<group>"; };
		791DD54D268654EB009DD868 /* Info.plist */ = {isa = PBXFileReference; lastKnownFileType = text.plist.xml; path = Info.plist; sourceTree = "<group>"; };
		79D990D82692F5710061555E /* AddTaskModel.swift */ = {isa = PBXFileReference; lastKnownFileType = sourcecode.swift; path = AddTaskModel.swift; sourceTree = "<group>"; };
		79D990E22692FADC0061555E /* DBRealmService.swift */ = {isa = PBXFileReference; lastKnownFileType = sourcecode.swift; path = DBRealmService.swift; sourceTree = "<group>"; };
		79D990E4269372750061555E /* Enums.swift */ = {isa = PBXFileReference; lastKnownFileType = sourcecode.swift; path = Enums.swift; sourceTree = "<group>"; };
		79D990E6269377190061555E /* TasksViewController.swift */ = {isa = PBXFileReference; lastKnownFileType = sourcecode.swift; path = TasksViewController.swift; sourceTree = "<group>"; };
		79D990E8269377290061555E /* TasksModel.swift */ = {isa = PBXFileReference; lastKnownFileType = sourcecode.swift; path = TasksModel.swift; sourceTree = "<group>"; };
		79D990EA2693773B0061555E /* TasksViewModel.swift */ = {isa = PBXFileReference; lastKnownFileType = sourcecode.swift; path = TasksViewModel.swift; sourceTree = "<group>"; };
		79D990EC2693877D0061555E /* TasksTableViewCell.swift */ = {isa = PBXFileReference; lastKnownFileType = sourcecode.swift; path = TasksTableViewCell.swift; sourceTree = "<group>"; };
/* End PBXFileReference section */

/* Begin PBXFrameworksBuildPhase section */
		791DD539268654E9009DD868 /* Frameworks */ = {
			isa = PBXFrameworksBuildPhase;
			buildActionMask = 2147483647;
			files = (
				79D990DE2692FA490061555E /* RealmSwift in Frameworks */,
				79D990E12692FA7D0061555E /* Bond in Frameworks */,
				79D990DC2692FA490061555E /* Realm in Frameworks */,
			);
			runOnlyForDeploymentPostprocessing = 0;
		};
/* End PBXFrameworksBuildPhase section */

/* Begin PBXGroup section */
		791DD533268654E9009DD868 = {
			isa = PBXGroup;
			children = (
				791DD53E268654E9009DD868 /* HW2.4 */,
				791DD53D268654E9009DD868 /* Products */,
			);
			sourceTree = "<group>";
		};
		791DD53D268654E9009DD868 /* Products */ = {
			isa = PBXGroup;
			children = (
				791DD53C268654E9009DD868 /* HW2.4.app */,
			);
			name = Products;
			sourceTree = "<group>";
		};
		791DD53E268654E9009DD868 /* HW2.4 */ = {
			isa = PBXGroup;
			children = (
				79D990D32691EECF0061555E /* AddTaskMVC */,
				79D990D42691EFAC0061555E /* TasksMVVM */,
				79D990D52691EFD30061555E /* DeletedCompletedVIPER */,
				791DD53F268654E9009DD868 /* AppDelegate.swift */,
				791DD541268654E9009DD868 /* SceneDelegate.swift */,
				791DD545268654E9009DD868 /* Main.storyboard */,
				79D990E22692FADC0061555E /* DBRealmService.swift */,
				791DD548268654EB009DD868 /* Assets.xcassets */,
				791DD54A268654EB009DD868 /* LaunchScreen.storyboard */,
				79D990E4269372750061555E /* Enums.swift */,
				791DD54D268654EB009DD868 /* Info.plist */,
			);
			path = HW2.4;
			sourceTree = "<group>";
		};
		79D990D32691EECF0061555E /* AddTaskMVC */ = {
			isa = PBXGroup;
			children = (
				791DD543268654E9009DD868 /* AddTaskViewController.swift */,
				79D990D82692F5710061555E /* AddTaskModel.swift */,
			);
			path = AddTaskMVC;
			sourceTree = "<group>";
		};
		79D990D42691EFAC0061555E /* TasksMVVM */ = {
			isa = PBXGroup;
			children = (
				79D990E6269377190061555E /* TasksViewController.swift */,
				79D990E8269377290061555E /* TasksModel.swift */,
				79D990EA2693773B0061555E /* TasksViewModel.swift */,
				79D990EC2693877D0061555E /* TasksTableViewCell.swift */,
			);
			path = TasksMVVM;
			sourceTree = "<group>";
		};
		79D990D52691EFD30061555E /* DeletedCompletedVIPER */ = {
			isa = PBXGroup;
			children = (
			);
			path = DeletedCompletedVIPER;
			sourceTree = "<group>";
		};
/* End PBXGroup section */

/* Begin PBXNativeTarget section */
		791DD53B268654E9009DD868 /* HW2.4 */ = {
			isa = PBXNativeTarget;
			buildConfigurationList = 791DD550268654EB009DD868 /* Build configuration list for PBXNativeTarget "HW2.4" */;
			buildPhases = (
				791DD538268654E9009DD868 /* Sources */,
				791DD539268654E9009DD868 /* Frameworks */,
				791DD53A268654E9009DD868 /* Resources */,
			);
			buildRules = (
			);
			dependencies = (
			);
			name = HW2.4;
			packageProductDependencies = (
				79D990DB2692FA490061555E /* Realm */,
				79D990DD2692FA490061555E /* RealmSwift */,
				79D990E02692FA7D0061555E /* Bond */,
			);
			productName = HW2.4;
			productReference = 791DD53C268654E9009DD868 /* HW2.4.app */;
			productType = "com.apple.product-type.application";
		};
/* End PBXNativeTarget section */

/* Begin PBXProject section */
		791DD534268654E9009DD868 /* Project object */ = {
			isa = PBXProject;
			attributes = {
				LastSwiftUpdateCheck = 1250;
				LastUpgradeCheck = 1250;
				TargetAttributes = {
					791DD53B268654E9009DD868 = {
						CreatedOnToolsVersion = 12.5;
					};
				};
			};
			buildConfigurationList = 791DD537268654E9009DD868 /* Build configuration list for PBXProject "HW2.4" */;
			compatibilityVersion = "Xcode 9.3";
			developmentRegion = en;
			hasScannedForEncodings = 0;
			knownRegions = (
				en,
				Base,
			);
			mainGroup = 791DD533268654E9009DD868;
			packageReferences = (
				79D990DA2692FA490061555E /* XCRemoteSwiftPackageReference "realm-cocoa" */,
				79D990DF2692FA7D0061555E /* XCRemoteSwiftPackageReference "Bond" */,
			);
			productRefGroup = 791DD53D268654E9009DD868 /* Products */;
			projectDirPath = "";
			projectRoot = "";
			targets = (
				791DD53B268654E9009DD868 /* HW2.4 */,
			);
		};
/* End PBXProject section */

/* Begin PBXResourcesBuildPhase section */
		791DD53A268654E9009DD868 /* Resources */ = {
			isa = PBXResourcesBuildPhase;
			buildActionMask = 2147483647;
			files = (
				791DD54C268654EB009DD868 /* LaunchScreen.storyboard in Resources */,
				791DD549268654EB009DD868 /* Assets.xcassets in Resources */,
				791DD547268654E9009DD868 /* Main.storyboard in Resources */,
			);
			runOnlyForDeploymentPostprocessing = 0;
		};
/* End PBXResourcesBuildPhase section */

/* Begin PBXSourcesBuildPhase section */
		791DD538268654E9009DD868 /* Sources */ = {
			isa = PBXSourcesBuildPhase;
			buildActionMask = 2147483647;
			files = (
				791DD544268654E9009DD868 /* AddTaskViewController.swift in Sources */,
				79D990E32692FADC0061555E /* DBRealmService.swift in Sources */,
				79D990E9269377290061555E /* TasksModel.swift in Sources */,
				791DD540268654E9009DD868 /* AppDelegate.swift in Sources */,
				79D990EB2693773B0061555E /* TasksViewModel.swift in Sources */,
				79D990E7269377190061555E /* TasksViewController.swift in Sources */,
				79D990ED2693877D0061555E /* TasksTableViewCell.swift in Sources */,
				79D990D92692F5710061555E /* AddTaskModel.swift in Sources */,
				79D990E5269372750061555E /* Enums.swift in Sources */,
				791DD542268654E9009DD868 /* SceneDelegate.swift in Sources */,
			);
			runOnlyForDeploymentPostprocessing = 0;
		};
/* End PBXSourcesBuildPhase section */

/* Begin PBXVariantGroup section */
		791DD545268654E9009DD868 /* Main.storyboard */ = {
			isa = PBXVariantGroup;
			children = (
				791DD546268654E9009DD868 /* Base */,
			);
			name = Main.storyboard;
			sourceTree = "<group>";
		};
		791DD54A268654EB009DD868 /* LaunchScreen.storyboard */ = {
			isa = PBXVariantGroup;
			children = (
				791DD54B268654EB009DD868 /* Base */,
			);
			name = LaunchScreen.storyboard;
			sourceTree = "<group>";
		};
/* End PBXVariantGroup section */

/* Begin XCBuildConfiguration section */
		791DD54E268654EB009DD868 /* Debug */ = {
			isa = XCBuildConfiguration;
			buildSettings = {
				ALWAYS_SEARCH_USER_PATHS = NO;
				CLANG_ANALYZER_NONNULL = YES;
				CLANG_ANALYZER_NUMBER_OBJECT_CONVERSION = YES_AGGRESSIVE;
				CLANG_CXX_LANGUAGE_STANDARD = "gnu++14";
				CLANG_CXX_LIBRARY = "libc++";
				CLANG_ENABLE_MODULES = YES;
				CLANG_ENABLE_OBJC_ARC = YES;
				CLANG_ENABLE_OBJC_WEAK = YES;
				CLANG_WARN_BLOCK_CAPTURE_AUTORELEASING = YES;
				CLANG_WARN_BOOL_CONVERSION = YES;
				CLANG_WARN_COMMA = YES;
				CLANG_WARN_CONSTANT_CONVERSION = YES;
				CLANG_WARN_DEPRECATED_OBJC_IMPLEMENTATIONS = YES;
				CLANG_WARN_DIRECT_OBJC_ISA_USAGE = YES_ERROR;
				CLANG_WARN_DOCUMENTATION_COMMENTS = YES;
				CLANG_WARN_EMPTY_BODY = YES;
				CLANG_WARN_ENUM_CONVERSION = YES;
				CLANG_WARN_INFINITE_RECURSION = YES;
				CLANG_WARN_INT_CONVERSION = YES;
				CLANG_WARN_NON_LITERAL_NULL_CONVERSION = YES;
				CLANG_WARN_OBJC_IMPLICIT_RETAIN_SELF = YES;
				CLANG_WARN_OBJC_LITERAL_CONVERSION = YES;
				CLANG_WARN_OBJC_ROOT_CLASS = YES_ERROR;
				CLANG_WARN_QUOTED_INCLUDE_IN_FRAMEWORK_HEADER = YES;
				CLANG_WARN_RANGE_LOOP_ANALYSIS = YES;
				CLANG_WARN_STRICT_PROTOTYPES = YES;
				CLANG_WARN_SUSPICIOUS_MOVE = YES;
				CLANG_WARN_UNGUARDED_AVAILABILITY = YES_AGGRESSIVE;
				CLANG_WARN_UNREACHABLE_CODE = YES;
				CLANG_WARN__DUPLICATE_METHOD_MATCH = YES;
				COPY_PHASE_STRIP = NO;
				DEBUG_INFORMATION_FORMAT = dwarf;
				ENABLE_STRICT_OBJC_MSGSEND = YES;
				ENABLE_TESTABILITY = YES;
				GCC_C_LANGUAGE_STANDARD = gnu11;
				GCC_DYNAMIC_NO_PIC = NO;
				GCC_NO_COMMON_BLOCKS = YES;
				GCC_OPTIMIZATION_LEVEL = 0;
				GCC_PREPROCESSOR_DEFINITIONS = (
					"DEBUG=1",
					"$(inherited)",
				);
				GCC_WARN_64_TO_32_BIT_CONVERSION = YES;
				GCC_WARN_ABOUT_RETURN_TYPE = YES_ERROR;
				GCC_WARN_UNDECLARED_SELECTOR = YES;
				GCC_WARN_UNINITIALIZED_AUTOS = YES_AGGRESSIVE;
				GCC_WARN_UNUSED_FUNCTION = YES;
				GCC_WARN_UNUSED_VARIABLE = YES;
				IPHONEOS_DEPLOYMENT_TARGET = 14.5;
				MTL_ENABLE_DEBUG_INFO = INCLUDE_SOURCE;
				MTL_FAST_MATH = YES;
				ONLY_ACTIVE_ARCH = YES;
				SDKROOT = iphoneos;
				SWIFT_ACTIVE_COMPILATION_CONDITIONS = DEBUG;
				SWIFT_OPTIMIZATION_LEVEL = "-Onone";
			};
			name = Debug;
		};
		791DD54F268654EB009DD868 /* Release */ = {
			isa = XCBuildConfiguration;
			buildSettings = {
				ALWAYS_SEARCH_USER_PATHS = NO;
				CLANG_ANALYZER_NONNULL = YES;
				CLANG_ANALYZER_NUMBER_OBJECT_CONVERSION = YES_AGGRESSIVE;
				CLANG_CXX_LANGUAGE_STANDARD = "gnu++14";
				CLANG_CXX_LIBRARY = "libc++";
				CLANG_ENABLE_MODULES = YES;
				CLANG_ENABLE_OBJC_ARC = YES;
				CLANG_ENABLE_OBJC_WEAK = YES;
				CLANG_WARN_BLOCK_CAPTURE_AUTORELEASING = YES;
				CLANG_WARN_BOOL_CONVERSION = YES;
				CLANG_WARN_COMMA = YES;
				CLANG_WARN_CONSTANT_CONVERSION = YES;
				CLANG_WARN_DEPRECATED_OBJC_IMPLEMENTATIONS = YES;
				CLANG_WARN_DIRECT_OBJC_ISA_USAGE = YES_ERROR;
				CLANG_WARN_DOCUMENTATION_COMMENTS = YES;
				CLANG_WARN_EMPTY_BODY = YES;
				CLANG_WARN_ENUM_CONVERSION = YES;
				CLANG_WARN_INFINITE_RECURSION = YES;
				CLANG_WARN_INT_CONVERSION = YES;
				CLANG_WARN_NON_LITERAL_NULL_CONVERSION = YES;
				CLANG_WARN_OBJC_IMPLICIT_RETAIN_SELF = YES;
				CLANG_WARN_OBJC_LITERAL_CONVERSION = YES;
				CLANG_WARN_OBJC_ROOT_CLASS = YES_ERROR;
				CLANG_WARN_QUOTED_INCLUDE_IN_FRAMEWORK_HEADER = YES;
				CLANG_WARN_RANGE_LOOP_ANALYSIS = YES;
				CLANG_WARN_STRICT_PROTOTYPES = YES;
				CLANG_WARN_SUSPICIOUS_MOVE = YES;
				CLANG_WARN_UNGUARDED_AVAILABILITY = YES_AGGRESSIVE;
				CLANG_WARN_UNREACHABLE_CODE = YES;
				CLANG_WARN__DUPLICATE_METHOD_MATCH = YES;
				COPY_PHASE_STRIP = NO;
				DEBUG_INFORMATION_FORMAT = "dwarf-with-dsym";
				ENABLE_NS_ASSERTIONS = NO;
				ENABLE_STRICT_OBJC_MSGSEND = YES;
				GCC_C_LANGUAGE_STANDARD = gnu11;
				GCC_NO_COMMON_BLOCKS = YES;
				GCC_WARN_64_TO_32_BIT_CONVERSION = YES;
				GCC_WARN_ABOUT_RETURN_TYPE = YES_ERROR;
				GCC_WARN_UNDECLARED_SELECTOR = YES;
				GCC_WARN_UNINITIALIZED_AUTOS = YES_AGGRESSIVE;
				GCC_WARN_UNUSED_FUNCTION = YES;
				GCC_WARN_UNUSED_VARIABLE = YES;
				IPHONEOS_DEPLOYMENT_TARGET = 14.5;
				MTL_ENABLE_DEBUG_INFO = NO;
				MTL_FAST_MATH = YES;
				SDKROOT = iphoneos;
				SWIFT_COMPILATION_MODE = wholemodule;
				SWIFT_OPTIMIZATION_LEVEL = "-O";
				VALIDATE_PRODUCT = YES;
			};
			name = Release;
		};
		791DD551268654EB009DD868 /* Debug */ = {
			isa = XCBuildConfiguration;
			buildSettings = {
				ASSETCATALOG_COMPILER_APPICON_NAME = AppIcon;
				ASSETCATALOG_COMPILER_GLOBAL_ACCENT_COLOR_NAME = AccentColor;
				CODE_SIGN_STYLE = Automatic;
				DEVELOPMENT_TEAM = J89HD9D3CL;
				INFOPLIST_FILE = HW2.4/Info.plist;
				LD_RUNPATH_SEARCH_PATHS = (
					"$(inherited)",
					"@executable_path/Frameworks",
				);
				PRODUCT_BUNDLE_IDENTIFIER = "Jeneck.HW2-4";
				PRODUCT_NAME = "$(TARGET_NAME)";
				SWIFT_VERSION = 5.0;
				TARGETED_DEVICE_FAMILY = "1,2";
			};
			name = Debug;
		};
		791DD552268654EB009DD868 /* Release */ = {
			isa = XCBuildConfiguration;
			buildSettings = {
				ASSETCATALOG_COMPILER_APPICON_NAME = AppIcon;
				ASSETCATALOG_COMPILER_GLOBAL_ACCENT_COLOR_NAME = AccentColor;
				CODE_SIGN_STYLE = Automatic;
				DEVELOPMENT_TEAM = J89HD9D3CL;
				INFOPLIST_FILE = HW2.4/Info.plist;
				LD_RUNPATH_SEARCH_PATHS = (
					"$(inherited)",
					"@executable_path/Frameworks",
				);
				PRODUCT_BUNDLE_IDENTIFIER = "Jeneck.HW2-4";
				PRODUCT_NAME = "$(TARGET_NAME)";
				SWIFT_VERSION = 5.0;
				TARGETED_DEVICE_FAMILY = "1,2";
			};
			name = Release;
		};
/* End XCBuildConfiguration section */

/* Begin XCConfigurationList section */
		791DD537268654E9009DD868 /* Build configuration list for PBXProject "HW2.4" */ = {
			isa = XCConfigurationList;
			buildConfigurations = (
				791DD54E268654EB009DD868 /* Debug */,
				791DD54F268654EB009DD868 /* Release */,
			);
			defaultConfigurationIsVisible = 0;
			defaultConfigurationName = Release;
		};
		791DD550268654EB009DD868 /* Build configuration list for PBXNativeTarget "HW2.4" */ = {
			isa = XCConfigurationList;
			buildConfigurations = (
				791DD551268654EB009DD868 /* Debug */,
				791DD552268654EB009DD868 /* Release */,
			);
			defaultConfigurationIsVisible = 0;
			defaultConfigurationName = Release;
		};
/* End XCConfigurationList section */

/* Begin XCRemoteSwiftPackageReference section */
		79D990DA2692FA490061555E /* XCRemoteSwiftPackageReference "realm-cocoa" */ = {
			isa = XCRemoteSwiftPackageReference;
			repositoryURL = "https://github.com/realm/realm-cocoa";
			requirement = {
				kind = exactVersion;
				version = 10.9.0;
			};
		};
		79D990DF2692FA7D0061555E /* XCRemoteSwiftPackageReference "Bond" */ = {
			isa = XCRemoteSwiftPackageReference;
			repositoryURL = "https://github.com/DeclarativeHub/Bond";
			requirement = {
				kind = exactVersion;
				version = 7.8.1;
			};
		};
/* End XCRemoteSwiftPackageReference section */

/* Begin XCSwiftPackageProductDependency section */
		79D990DB2692FA490061555E /* Realm */ = {
			isa = XCSwiftPackageProductDependency;
			package = 79D990DA2692FA490061555E /* XCRemoteSwiftPackageReference "realm-cocoa" */;
			productName = Realm;
		};
		79D990DD2692FA490061555E /* RealmSwift */ = {
			isa = XCSwiftPackageProductDependency;
			package = 79D990DA2692FA490061555E /* XCRemoteSwiftPackageReference "realm-cocoa" */;
			productName = RealmSwift;
		};
		79D990E02692FA7D0061555E /* Bond */ = {
			isa = XCSwiftPackageProductDependency;
			package = 79D990DF2692FA7D0061555E /* XCRemoteSwiftPackageReference "Bond" */;
			productName = Bond;
		};
/* End XCSwiftPackageProductDependency section */
	};
	rootObject = 791DD534268654E9009DD868 /* Project object */;
}
